
Microsoft Visual Studio Solution File, Format Version 12.00
# Visual Studio Version 17
VisualStudioVersion = 17.0.31903.59
MinimumVisualStudioVersion = 10.0.40219.1
Project("{FAE04EC0-301F-11D3-BF4B-00C04F79EFBC}") = "ReduceUrl.Ui", "src\ReduceUrl.Ui\ReduceUrl.Ui.csproj", "{6EB01CE1-BBCE-4CC5-ACB7-D78C5D44E775}"
EndProject
Project("{FAE04EC0-301F-11D3-BF4B-00C04F79EFBC}") = "ReduceUrl.ServiceDefaults", "src\ReduceUrl.ServiceDefaults\ReduceUrl.ServiceDefaults.csproj", "{6FB2825B-E8D5-44EE-9639-0BBC1862CED6}"
EndProject
Project("{FAE04EC0-301F-11D3-BF4B-00C04F79EFBC}") = "ReduceUrl.AppHost", "src\ReduceUrl.AppHost\ReduceUrl.AppHost.csproj", "{AE11653B-C53C-4FDF-AE14-ED5161CECEDD}"
EndProject
Project("{FAE04EC0-301F-11D3-BF4B-00C04F79EFBC}") = "ReduceUrl.Api", "src\ReduceUrl.Api\ReduceUrl.Api.csproj", "{670C8F81-73EE-493C-BF8B-B075A9E117E1}"
EndProject
Project("{FAE04EC0-301F-11D3-BF4B-00C04F79EFBC}") = "ReduceUrl.Api.Tests", "src\ReduceUrl.Api.Tests\ReduceUrl.Api.Tests.csproj", "{6C1B8921-B1DE-41C1-8019-AF88A193F18A}"
EndProject
Project("{FAE04EC0-301F-11D3-BF4B-00C04F79EFBC}") = "ReduceUrl.Ui.Tests", "src\ReduceUrl.Ui.Tests\ReduceUrl.Ui.Tests.csproj", "{8DD76601-161D-48BA-A0CF-27BB1424227E}"
EndProject
Project("{2150E333-8FDC-42A3-9474-1A3956D46DE8}") = "Solution Items", "Solution Items", "{AF980B11-B243-4F62-AF08-1DA94CC8EC35}"
	ProjectSection(SolutionItems) = preProject
		Directory.Build.props = Directory.Build.props
		.editorconfig = .editorconfig
		.gitignore = .gitignore
		LICENSE = LICENSE
		README.md = README.md
		.devcontainer\devcontainer.json = .devcontainer\devcontainer.json
		.devcontainer\devcontainer-post-create-setup.sh = .devcontainer\devcontainer-post-create-setup.sh
	EndProjectSection
EndProject
Project("{FAE04EC0-301F-11D3-BF4B-00C04F79EFBC}") = "ReduceUrl.Data", "src\ReduceUrl.Data\ReduceUrl.Data.csproj", "{DE9AF965-C057-4295-9FEC-34402457185C}"
EndProject
Project("{FAE04EC0-301F-11D3-BF4B-00C04F79EFBC}") = "ReduceUrl.Data.Aspire.Migration", "src\ReduceUrl.Data.Aspire.Migration\ReduceUrl.Data.Aspire.Migration.csproj", "{41CC9BE1-B295-4B50-B8A2-1F72A7127344}"
EndProject
Project("{FAE04EC0-301F-11D3-BF4B-00C04F79EFBC}") = "ReduceUrl.AppHost.Tests", "src\ReduceUrl.AppHost.Tests\ReduceUrl.AppHost.Tests.csproj", "{CC17E939-0F18-45BD-A177-63FECCBFBB77}"
EndProject
Project("{2150E333-8FDC-42A3-9474-1A3956D46DE8}") = "Github Workflows", "Github Workflows", "{CEBDEBE8-73B0-4637-8F39-EA259760DE85}"
	ProjectSection(SolutionItems) = preProject
		.github\workflows\validate_pull_request.yml = .github\workflows\validate_pull_request.yml
	EndProjectSection
EndProject
Global
	GlobalSection(SolutionConfigurationPlatforms) = preSolution
		Debug|Any CPU = Debug|Any CPU
		Release|Any CPU = Release|Any CPU
	EndGlobalSection
	GlobalSection(SolutionProperties) = preSolution
		HideSolutionNode = FALSE
	EndGlobalSection
	GlobalSection(ProjectConfigurationPlatforms) = postSolution
		{6EB01CE1-BBCE-4CC5-ACB7-D78C5D44E775}.Debug|Any CPU.ActiveCfg = Debug|Any CPU
		{6EB01CE1-BBCE-4CC5-ACB7-D78C5D44E775}.Debug|Any CPU.Build.0 = Debug|Any CPU
		{6EB01CE1-BBCE-4CC5-ACB7-D78C5D44E775}.Release|Any CPU.ActiveCfg = Release|Any CPU
		{6EB01CE1-BBCE-4CC5-ACB7-D78C5D44E775}.Release|Any CPU.Build.0 = Release|Any CPU
		{6FB2825B-E8D5-44EE-9639-0BBC1862CED6}.Debug|Any CPU.ActiveCfg = Debug|Any CPU
		{6FB2825B-E8D5-44EE-9639-0BBC1862CED6}.Debug|Any CPU.Build.0 = Debug|Any CPU
		{6FB2825B-E8D5-44EE-9639-0BBC1862CED6}.Release|Any CPU.ActiveCfg = Release|Any CPU
		{6FB2825B-E8D5-44EE-9639-0BBC1862CED6}.Release|Any CPU.Build.0 = Release|Any CPU
		{AE11653B-C53C-4FDF-AE14-ED5161CECEDD}.Debug|Any CPU.ActiveCfg = Debug|Any CPU
		{AE11653B-C53C-4FDF-AE14-ED5161CECEDD}.Debug|Any CPU.Build.0 = Debug|Any CPU
		{AE11653B-C53C-4FDF-AE14-ED5161CECEDD}.Release|Any CPU.ActiveCfg = Release|Any CPU
		{AE11653B-C53C-4FDF-AE14-ED5161CECEDD}.Release|Any CPU.Build.0 = Release|Any CPU
		{670C8F81-73EE-493C-BF8B-B075A9E117E1}.Debug|Any CPU.ActiveCfg = Debug|Any CPU
		{670C8F81-73EE-493C-BF8B-B075A9E117E1}.Debug|Any CPU.Build.0 = Debug|Any CPU
		{670C8F81-73EE-493C-BF8B-B075A9E117E1}.Release|Any CPU.ActiveCfg = Release|Any CPU
		{670C8F81-73EE-493C-BF8B-B075A9E117E1}.Release|Any CPU.Build.0 = Release|Any CPU
		{6C1B8921-B1DE-41C1-8019-AF88A193F18A}.Debug|Any CPU.ActiveCfg = Debug|Any CPU
		{6C1B8921-B1DE-41C1-8019-AF88A193F18A}.Debug|Any CPU.Build.0 = Debug|Any CPU
		{6C1B8921-B1DE-41C1-8019-AF88A193F18A}.Release|Any CPU.ActiveCfg = Release|Any CPU
		{6C1B8921-B1DE-41C1-8019-AF88A193F18A}.Release|Any CPU.Build.0 = Release|Any CPU
		{8DD76601-161D-48BA-A0CF-27BB1424227E}.Debug|Any CPU.ActiveCfg = Debug|Any CPU
		{8DD76601-161D-48BA-A0CF-27BB1424227E}.Debug|Any CPU.Build.0 = Debug|Any CPU
		{8DD76601-161D-48BA-A0CF-27BB1424227E}.Release|Any CPU.ActiveCfg = Release|Any CPU
		{8DD76601-161D-48BA-A0CF-27BB1424227E}.Release|Any CPU.Build.0 = Release|Any CPU
		{DE9AF965-C057-4295-9FEC-34402457185C}.Debug|Any CPU.ActiveCfg = Debug|Any CPU
		{DE9AF965-C057-4295-9FEC-34402457185C}.Debug|Any CPU.Build.0 = Debug|Any CPU
		{DE9AF965-C057-4295-9FEC-34402457185C}.Release|Any CPU.ActiveCfg = Release|Any CPU
		{DE9AF965-C057-4295-9FEC-34402457185C}.Release|Any CPU.Build.0 = Release|Any CPU
		{41CC9BE1-B295-4B50-B8A2-1F72A7127344}.Debug|Any CPU.ActiveCfg = Debug|Any CPU
		{41CC9BE1-B295-4B50-B8A2-1F72A7127344}.Debug|Any CPU.Build.0 = Debug|Any CPU
		{41CC9BE1-B295-4B50-B8A2-1F72A7127344}.Release|Any CPU.ActiveCfg = Release|Any CPU
		{41CC9BE1-B295-4B50-B8A2-1F72A7127344}.Release|Any CPU.Build.0 = Release|Any CPU
		{CC17E939-0F18-45BD-A177-63FECCBFBB77}.Debug|Any CPU.ActiveCfg = Debug|Any CPU
		{CC17E939-0F18-45BD-A177-63FECCBFBB77}.Debug|Any CPU.Build.0 = Debug|Any CPU
		{CC17E939-0F18-45BD-A177-63FECCBFBB77}.Release|Any CPU.ActiveCfg = Release|Any CPU
		{CC17E939-0F18-45BD-A177-63FECCBFBB77}.Release|Any CPU.Build.0 = Release|Any CPU
	EndGlobalSection
EndGlobal
